
Microsoft Visual Studio Solution File, Format Version 12.00
# Visual Studio 15
VisualStudioVersion = 15.0.28010.2026
MinimumVisualStudioVersion = 10.0.40219.1
Project("{FAE04EC0-301F-11D3-BF4B-00C04F79EFBC}") = "ClientApplication", "ClientApplication\ClientApplication.csproj", "{3CEDE056-81E9-4AF1-AB1C-11D298B43A62}"
EndProject
Project("{FAE04EC0-301F-11D3-BF4B-00C04F79EFBC}") = "ServerApplication", "ServerApplication\ServerApplication.csproj", "{F388AC4E-7293-4A15-B473-4601656E90DC}"
EndProject
Global
	GlobalSection(SolutionConfigurationPlatforms) = preSolution
		Debug|Any CPU = Debug|Any CPU
		Release|Any CPU = Release|Any CPU
	EndGlobalSection
	GlobalSection(ProjectConfigurationPlatforms) = postSolution
		{3CEDE056-81E9-4AF1-AB1C-11D298B43A62}.Debug|Any CPU.ActiveCfg = Debug|Any CPU
		{3CEDE056-81E9-4AF1-AB1C-11D298B43A62}.Debug|Any CPU.Build.0 = Debug|Any CPU
		{3CEDE056-81E9-4AF1-AB1C-11D298B43A62}.Release|Any CPU.ActiveCfg = Release|Any CPU
		{3CEDE056-81E9-4AF1-AB1C-11D298B43A62}.Release|Any CPU.Build.0 = Release|Any CPU
		{F388AC4E-7293-4A15-B473-4601656E90DC}.Debug|Any CPU.ActiveCfg = Debug|Any CPU
		{F388AC4E-7293-4A15-B473-4601656E90DC}.Debug|Any CPU.Build.0 = Debug|Any CPU
		{F388AC4E-7293-4A15-B473-4601656E90DC}.Release|Any CPU.ActiveCfg = Release|Any CPU
		{F388AC4E-7293-4A15-B473-4601656E90DC}.Release|Any CPU.Build.0 = Release|Any CPU
	EndGlobalSection
	GlobalSection(SolutionProperties) = preSolution
		HideSolutionNode = FALSE
	EndGlobalSection
	GlobalSection(ExtensibilityGlobals) = postSolution
		SolutionGuid = {6FC9AC58-A1A0-4701-B95F-7C86E6D40497}
	EndGlobalSection
EndGlobal
